
Microsoft Visual Studio Solution File, Format Version 11.00
# Visual Studio 2010
Project("{2150E333-8FDC-42A3-9474-1A3956D46DE8}") = "UnitTests", "UnitTests", "{EDC55D3B-6AAF-4DF0-93A2-AEFA10BEBD38}"
EndProject
Project("{2150E333-8FDC-42A3-9474-1A3956D46DE8}") = ".nuget", ".nuget", "{885A4AB1-1AF1-4D1B-8556-32640056551E}"
	ProjectSection(SolutionItems) = preProject
		.nuget\NuGet.Config = .nuget\NuGet.Config
		.nuget\NuGet.exe = .nuget\NuGet.exe
		.nuget\NuGet.targets = .nuget\NuGet.targets
	EndProjectSection
EndProject
Project("{FAE04EC0-301F-11D3-BF4B-00C04F79EFBC}") = "CSVWizard.UnitTests", "CSVWizard.UnitTests\CSVWizard.UnitTests.csproj", "{F6CE14AC-BBBA-4D73-833D-DFF0E7E603D5}"
EndProject
Project("{FAE04EC0-301F-11D3-BF4B-00C04F79EFBC}") = "CSVWizard", "CSVWizard\CSVWizard.csproj", "{C2B6548C-29F3-4056-815A-ED532CF687F9}"
EndProject
Global
	GlobalSection(SolutionConfigurationPlatforms) = preSolution
		Debug|Any CPU = Debug|Any CPU
		Release|Any CPU = Release|Any CPU
	EndGlobalSection
	GlobalSection(ProjectConfigurationPlatforms) = postSolution
		{F6CE14AC-BBBA-4D73-833D-DFF0E7E603D5}.Debug|Any CPU.ActiveCfg = Debug|Any CPU
		{F6CE14AC-BBBA-4D73-833D-DFF0E7E603D5}.Debug|Any CPU.Build.0 = Debug|Any CPU
		{F6CE14AC-BBBA-4D73-833D-DFF0E7E603D5}.Release|Any CPU.ActiveCfg = Release|Any CPU
		{F6CE14AC-BBBA-4D73-833D-DFF0E7E603D5}.Release|Any CPU.Build.0 = Release|Any CPU
		{C2B6548C-29F3-4056-815A-ED532CF687F9}.Debug|Any CPU.ActiveCfg = Debug|Any CPU
		{C2B6548C-29F3-4056-815A-ED532CF687F9}.Debug|Any CPU.Build.0 = Debug|Any CPU
		{C2B6548C-29F3-4056-815A-ED532CF687F9}.Release|Any CPU.ActiveCfg = Release|Any CPU
		{C2B6548C-29F3-4056-815A-ED532CF687F9}.Release|Any CPU.Build.0 = Release|Any CPU
	EndGlobalSection
	GlobalSection(SolutionProperties) = preSolution
		HideSolutionNode = FALSE
	EndGlobalSection
	GlobalSection(NestedProjects) = preSolution
		{F6CE14AC-BBBA-4D73-833D-DFF0E7E603D5} = {EDC55D3B-6AAF-4DF0-93A2-AEFA10BEBD38}
	EndGlobalSection
EndGlobal
